
Microsoft Visual Studio Solution File, Format Version 12.00
Project("{2150E333-8FDC-42A3-9474-1A3956D46DE8}") = "src", "src", "{FA34A461-BB1E-491B-8326-4059841422C9}"
EndProject
Project("{2150E333-8FDC-42A3-9474-1A3956D46DE8}") = "tests", "tests", "{63464FA8-4BCF-4154-8770-5512C24B40D7}"
EndProject
Project("{FAE04EC0-301F-11D3-BF4B-00C04F79EFBC}") = "Roadway.Web", "src\Roadway.Web\Roadway.Web.csproj", "{70D440B4-AFC8-4859-85AB-D74831A23CF4}"
EndProject
Project("{FAE04EC0-301F-11D3-BF4B-00C04F79EFBC}") = "Roadway.Domain", "src\Roadway.Domain\Roadway.Domain.csproj", "{65759FBA-5EE8-48A6-8177-C074D4201517}"
EndProject
Project("{FAE04EC0-301F-11D3-BF4B-00C04F79EFBC}") = "Roadway.Data", "src\Roadway.Data\Roadway.Data.csproj", "{F879D01E-1D72-4D5B-9438-C85DDB91E66C}"
EndProject
Project("{FAE04EC0-301F-11D3-BF4B-00C04F79EFBC}") = "Roadway.Core", "src\Roadway.Core\Roadway.Core.csproj", "{13F6A5AE-5295-4570-BBBE-8EED4BED85D9}"
EndProject
Project("{FAE04EC0-301F-11D3-BF4B-00C04F79EFBC}") = "Roadway.Infrastructure", "src\Roadway.Infrastructure\Roadway.Infrastructure.csproj", "{39FB0D87-95FC-4973-AEAA-F74E0ECD3CC7}"
EndProject
Project("{FAE04EC0-301F-11D3-BF4B-00C04F79EFBC}") = "Roadway.Core.Tests", "tests\Roadway.Core.Tests\Roadway.Core.Tests.csproj", "{1B990890-8013-4E67-BED7-9AFB31C9D735}"
EndProject
Project("{FAE04EC0-301F-11D3-BF4B-00C04F79EFBC}") = "Roadway.Infrastructure.Tests", "tests\Roadway.Infrastructure.Tests\Roadway.Infrastructure.Tests.csproj", "{9F3B4CE9-FCB0-42EB-8F0C-0709B111C19F}"
EndProject
Project("{FAE04EC0-301F-11D3-BF4B-00C04F79EFBC}") = "Roadway.Data.Tests", "tests\Roadway.Data.Tests\Roadway.Data.Tests.csproj", "{EE45844C-CA52-4F29-991A-708951A5D8E4}"
EndProject
Project("{FAE04EC0-301F-11D3-BF4B-00C04F79EFBC}") = "Roadway.Web.Tests", "tests\Roadway.Web.Tests\Roadway.Web.Tests.csproj", "{D43B82C4-0028-4DB7-BE91-3708BAE65193}"
EndProject
Global
	GlobalSection(SolutionConfigurationPlatforms) = preSolution
		Debug|Any CPU = Debug|Any CPU
		Release|Any CPU = Release|Any CPU
	EndGlobalSection
	GlobalSection(NestedProjects) = preSolution
		{70D440B4-AFC8-4859-85AB-D74831A23CF4} = {FA34A461-BB1E-491B-8326-4059841422C9}
		{65759FBA-5EE8-48A6-8177-C074D4201517} = {FA34A461-BB1E-491B-8326-4059841422C9}
		{F879D01E-1D72-4D5B-9438-C85DDB91E66C} = {FA34A461-BB1E-491B-8326-4059841422C9}
		{13F6A5AE-5295-4570-BBBE-8EED4BED85D9} = {FA34A461-BB1E-491B-8326-4059841422C9}
		{39FB0D87-95FC-4973-AEAA-F74E0ECD3CC7} = {FA34A461-BB1E-491B-8326-4059841422C9}
		{1B990890-8013-4E67-BED7-9AFB31C9D735} = {63464FA8-4BCF-4154-8770-5512C24B40D7}
		{9F3B4CE9-FCB0-42EB-8F0C-0709B111C19F} = {63464FA8-4BCF-4154-8770-5512C24B40D7}
		{EE45844C-CA52-4F29-991A-708951A5D8E4} = {63464FA8-4BCF-4154-8770-5512C24B40D7}
		{D43B82C4-0028-4DB7-BE91-3708BAE65193} = {63464FA8-4BCF-4154-8770-5512C24B40D7}
	EndGlobalSection
	GlobalSection(ProjectConfigurationPlatforms) = postSolution
		{70D440B4-AFC8-4859-85AB-D74831A23CF4}.Debug|Any CPU.ActiveCfg = Debug|Any CPU
		{70D440B4-AFC8-4859-85AB-D74831A23CF4}.Debug|Any CPU.Build.0 = Debug|Any CPU
		{70D440B4-AFC8-4859-85AB-D74831A23CF4}.Release|Any CPU.ActiveCfg = Release|Any CPU
		{70D440B4-AFC8-4859-85AB-D74831A23CF4}.Release|Any CPU.Build.0 = Release|Any CPU
		{65759FBA-5EE8-48A6-8177-C074D4201517}.Debug|Any CPU.ActiveCfg = Debug|Any CPU
		{65759FBA-5EE8-48A6-8177-C074D4201517}.Debug|Any CPU.Build.0 = Debug|Any CPU
		{65759FBA-5EE8-48A6-8177-C074D4201517}.Release|Any CPU.ActiveCfg = Release|Any CPU
		{65759FBA-5EE8-48A6-8177-C074D4201517}.Release|Any CPU.Build.0 = Release|Any CPU
		{F879D01E-1D72-4D5B-9438-C85DDB91E66C}.Debug|Any CPU.ActiveCfg = Debug|Any CPU
		{F879D01E-1D72-4D5B-9438-C85DDB91E66C}.Debug|Any CPU.Build.0 = Debug|Any CPU
		{F879D01E-1D72-4D5B-9438-C85DDB91E66C}.Release|Any CPU.ActiveCfg = Release|Any CPU
		{F879D01E-1D72-4D5B-9438-C85DDB91E66C}.Release|Any CPU.Build.0 = Release|Any CPU
		{13F6A5AE-5295-4570-BBBE-8EED4BED85D9}.Debug|Any CPU.ActiveCfg = Debug|Any CPU
		{13F6A5AE-5295-4570-BBBE-8EED4BED85D9}.Debug|Any CPU.Build.0 = Debug|Any CPU
		{13F6A5AE-5295-4570-BBBE-8EED4BED85D9}.Release|Any CPU.ActiveCfg = Release|Any CPU
		{13F6A5AE-5295-4570-BBBE-8EED4BED85D9}.Release|Any CPU.Build.0 = Release|Any CPU
		{39FB0D87-95FC-4973-AEAA-F74E0ECD3CC7}.Debug|Any CPU.ActiveCfg = Debug|Any CPU
		{39FB0D87-95FC-4973-AEAA-F74E0ECD3CC7}.Debug|Any CPU.Build.0 = Debug|Any CPU
		{39FB0D87-95FC-4973-AEAA-F74E0ECD3CC7}.Release|Any CPU.ActiveCfg = Release|Any CPU
		{39FB0D87-95FC-4973-AEAA-F74E0ECD3CC7}.Release|Any CPU.Build.0 = Release|Any CPU
		{1B990890-8013-4E67-BED7-9AFB31C9D735}.Debug|Any CPU.ActiveCfg = Debug|Any CPU
		{1B990890-8013-4E67-BED7-9AFB31C9D735}.Debug|Any CPU.Build.0 = Debug|Any CPU
		{1B990890-8013-4E67-BED7-9AFB31C9D735}.Release|Any CPU.ActiveCfg = Release|Any CPU
		{1B990890-8013-4E67-BED7-9AFB31C9D735}.Release|Any CPU.Build.0 = Release|Any CPU
		{9F3B4CE9-FCB0-42EB-8F0C-0709B111C19F}.Debug|Any CPU.ActiveCfg = Debug|Any CPU
		{9F3B4CE9-FCB0-42EB-8F0C-0709B111C19F}.Debug|Any CPU.Build.0 = Debug|Any CPU
		{9F3B4CE9-FCB0-42EB-8F0C-0709B111C19F}.Release|Any CPU.ActiveCfg = Release|Any CPU
		{9F3B4CE9-FCB0-42EB-8F0C-0709B111C19F}.Release|Any CPU.Build.0 = Release|Any CPU
		{EE45844C-CA52-4F29-991A-708951A5D8E4}.Debug|Any CPU.ActiveCfg = Debug|Any CPU
		{EE45844C-CA52-4F29-991A-708951A5D8E4}.Debug|Any CPU.Build.0 = Debug|Any CPU
		{EE45844C-CA52-4F29-991A-708951A5D8E4}.Release|Any CPU.ActiveCfg = Release|Any CPU
		{EE45844C-CA52-4F29-991A-708951A5D8E4}.Release|Any CPU.Build.0 = Release|Any CPU
		{D43B82C4-0028-4DB7-BE91-3708BAE65193}.Debug|Any CPU.ActiveCfg = Debug|Any CPU
		{D43B82C4-0028-4DB7-BE91-3708BAE65193}.Debug|Any CPU.Build.0 = Debug|Any CPU
		{D43B82C4-0028-4DB7-BE91-3708BAE65193}.Release|Any CPU.ActiveCfg = Release|Any CPU
		{D43B82C4-0028-4DB7-BE91-3708BAE65193}.Release|Any CPU.Build.0 = Release|Any CPU
	EndGlobalSection
EndGlobal
